
Microsoft Visual Studio Solution File, Format Version 12.00
# Visual Studio 15
VisualStudioVersion = 15.0.28307.168
MinimumVisualStudioVersion = 10.0.40219.1
Project("{FAE04EC0-301F-11D3-BF4B-00C04F79EFBC}") = "Technoquest.Api", "Technoquest.Api\Technoquest.Api.csproj", "{091C4F30-E185-426B-8D4C-322E1CC0C8BC}"
EndProject
Global
	GlobalSection(SolutionConfigurationPlatforms) = preSolution
		Debug|Any CPU = Debug|Any CPU
		Release|Any CPU = Release|Any CPU
	EndGlobalSection
	GlobalSection(ProjectConfigurationPlatforms) = postSolution
		{091C4F30-E185-426B-8D4C-322E1CC0C8BC}.Debug|Any CPU.ActiveCfg = Debug|Any CPU
		{091C4F30-E185-426B-8D4C-322E1CC0C8BC}.Debug|Any CPU.Build.0 = Debug|Any CPU
		{091C4F30-E185-426B-8D4C-322E1CC0C8BC}.Release|Any CPU.ActiveCfg = Release|Any CPU
		{091C4F30-E185-426B-8D4C-322E1CC0C8BC}.Release|Any CPU.Build.0 = Release|Any CPU
	EndGlobalSection
	GlobalSection(SolutionProperties) = preSolution
		HideSolutionNode = FALSE
	EndGlobalSection
	GlobalSection(ExtensibilityGlobals) = postSolution
		SolutionGuid = {456D6162-2D87-4CBA-A3EB-58A511BC77C4}
	EndGlobalSection
EndGlobal
